// !$*UTF8*$!
{
	archiveVersion = 1;
	classes = {
	};
	objectVersion = 46;
	objects = {

/* Begin PBXBuildFile section */
		520F00041B4F85E40095B8B8 /* AppDelegate.swift in Sources */ = {isa = PBXBuildFile; fileRef = 520F00031B4F85E40095B8B8 /* AppDelegate.swift */; };
		520F00061B4F85E40095B8B8 /* FirstViewController.swift in Sources */ = {isa = PBXBuildFile; fileRef = 520F00051B4F85E40095B8B8 /* FirstViewController.swift */; };
		520F000B1B4F85E40095B8B8 /* Main.storyboard in Resources */ = {isa = PBXBuildFile; fileRef = 520F00091B4F85E40095B8B8 /* Main.storyboard */; };
		520F000D1B4F85E40095B8B8 /* Images.xcassets in Resources */ = {isa = PBXBuildFile; fileRef = 520F000C1B4F85E40095B8B8 /* Images.xcassets */; };
		520F00101B4F85E40095B8B8 /* LaunchScreen.xib in Resources */ = {isa = PBXBuildFile; fileRef = 520F000E1B4F85E40095B8B8 /* LaunchScreen.xib */; };
		520F001C1B4F85E40095B8B8 /* WarThunderCalculatorTests.swift in Sources */ = {isa = PBXBuildFile; fileRef = 520F001B1B4F85E40095B8B8 /* WarThunderCalculatorTests.swift */; };
		520F00291B4F918F0095B8B8 /* Bf109Image.jpg in Resources */ = {isa = PBXBuildFile; fileRef = 520F00281B4F918F0095B8B8 /* Bf109Image.jpg */; };
		520F002B1B4FAD4A0095B8B8 /* BomberDarkImage.jpg in Resources */ = {isa = PBXBuildFile; fileRef = 520F002A1B4FAD4A0095B8B8 /* BomberDarkImage.jpg */; };
		527291271B50B73000A19F1F /* WarThunderTitlePageImage.jpg in Resources */ = {isa = PBXBuildFile; fileRef = 527291261B50B73000A19F1F /* WarThunderTitlePageImage.jpg */; };
		527291291B50B86700A19F1F /* VerticalMustangImage.jpg in Resources */ = {isa = PBXBuildFile; fileRef = 527291281B50B86700A19F1F /* VerticalMustangImage.jpg */; };
/* End PBXBuildFile section */

/* Begin PBXContainerItemProxy section */
		520F00161B4F85E40095B8B8 /* PBXContainerItemProxy */ = {
			isa = PBXContainerItemProxy;
			containerPortal = 520FFFF61B4F85E40095B8B8 /* Project object */;
			proxyType = 1;
			remoteGlobalIDString = 520FFFFD1B4F85E40095B8B8;
			remoteInfo = WarThunderCalculator;
		};
/* End PBXContainerItemProxy section */

/* Begin PBXFileReference section */
		520F00021B4F85E40095B8B8 /* Info.plist */ = {isa = PBXFileReference; lastKnownFileType = text.plist.xml; path = Info.plist; sourceTree = "<group>"; };
		520F00031B4F85E40095B8B8 /* AppDelegate.swift */ = {isa = PBXFileReference; lastKnownFileType = sourcecode.swift; path = AppDelegate.swift; sourceTree = "<group>"; };
		520F00051B4F85E40095B8B8 /* FirstViewController.swift */ = {isa = PBXFileReference; lastKnownFileType = sourcecode.swift; path = FirstViewController.swift; sourceTree = "<group>"; };
		520F000A1B4F85E40095B8B8 /* Base */ = {isa = PBXFileReference; lastKnownFileType = file.storyboard; name = Base; path = Base.lproj/Main.storyboard; sourceTree = "<group>"; };
		520F000C1B4F85E40095B8B8 /* Images.xcassets */ = {isa = PBXFileReference; lastKnownFileType = folder.assetcatalog; path = Images.xcassets; sourceTree = "<group>"; };
		520F000F1B4F85E40095B8B8 /* Base */ = {isa = PBXFileReference; lastKnownFileType = file.xib; name = Base; path = Base.lproj/LaunchScreen.xib; sourceTree = "<group>"; };
		520F00151B4F85E40095B8B8 /* WarThunderCalculatorTests.xctest */ = {isa = PBXFileReference; explicitFileType = wrapper.cfbundle; includeInIndex = 0; path = WarThunderCalculatorTests.xctest; sourceTree = BUILT_PRODUCTS_DIR; };
		520F001A1B4F85E40095B8B8 /* Info.plist */ = {isa = PBXFileReference; lastKnownFileType = text.plist.xml; path = Info.plist; sourceTree = "<group>"; };
		520F001B1B4F85E40095B8B8 /* WarThunderCalculatorTests.swift */ = {isa = PBXFileReference; lastKnownFileType = sourcecode.swift; path = WarThunderCalculatorTests.swift; sourceTree = "<group>"; };
		520F00281B4F918F0095B8B8 /* Bf109Image.jpg */ = {isa = PBXFileReference; lastKnownFileType = image.jpeg; path = Bf109Image.jpg; sourceTree = "<group>"; };
		520F002A1B4FAD4A0095B8B8 /* BomberDarkImage.jpg */ = {isa = PBXFileReference; lastKnownFileType = image.jpeg; path = BomberDarkImage.jpg; sourceTree = "<group>"; };
		520FFFFE1B4F85E40095B8B8 /* WarThunderCalculator.app */ = {isa = PBXFileReference; explicitFileType = wrapper.application; includeInIndex = 0; path = WarThunderCalculator.app; sourceTree = BUILT_PRODUCTS_DIR; };
		527291261B50B73000A19F1F /* WarThunderTitlePageImage.jpg */ = {isa = PBXFileReference; lastKnownFileType = image.jpeg; path = WarThunderTitlePageImage.jpg; sourceTree = "<group>"; };
		527291281B50B86700A19F1F /* VerticalMustangImage.jpg */ = {isa = PBXFileReference; lastKnownFileType = image.jpeg; path = VerticalMustangImage.jpg; sourceTree = "<group>"; };
/* End PBXFileReference section */

/* Begin PBXFrameworksBuildPhase section */
		520F00121B4F85E40095B8B8 /* Frameworks */ = {
			isa = PBXFrameworksBuildPhase;
			buildActionMask = 2147483647;
			files = (
			);
			runOnlyForDeploymentPostprocessing = 0;
		};
		520FFFFB1B4F85E40095B8B8 /* Frameworks */ = {
			isa = PBXFrameworksBuildPhase;
			buildActionMask = 2147483647;
			files = (
			);
			runOnlyForDeploymentPostprocessing = 0;
		};
/* End PBXFrameworksBuildPhase section */

/* Begin PBXGroup section */
		520F00001B4F85E40095B8B8 /* WarThunderCalculator */ = {
			isa = PBXGroup;
			children = (
				520F00031B4F85E40095B8B8 /* AppDelegate.swift */,
				520F00051B4F85E40095B8B8 /* FirstViewController.swift */,
				527291261B50B73000A19F1F /* WarThunderTitlePageImage.jpg */,
				520F00091B4F85E40095B8B8 /* Main.storyboard */,
				527291281B50B86700A19F1F /* VerticalMustangImage.jpg */,
				520F000C1B4F85E40095B8B8 /* Images.xcassets */,
				520F00281B4F918F0095B8B8 /* Bf109Image.jpg */,
				520F000E1B4F85E40095B8B8 /* LaunchScreen.xib */,
				520F002A1B4FAD4A0095B8B8 /* BomberDarkImage.jpg */,
				520F00011B4F85E40095B8B8 /* Supporting Files */,
			);
			path = WarThunderCalculator;
			sourceTree = "<group>";
		};
		520F00011B4F85E40095B8B8 /* Supporting Files */ = {
			isa = PBXGroup;
			children = (
				520F00021B4F85E40095B8B8 /* Info.plist */,
			);
			name = "Supporting Files";
			sourceTree = "<group>";
		};
		520F00181B4F85E40095B8B8 /* WarThunderCalculatorTests */ = {
			isa = PBXGroup;
			children = (
				520F001B1B4F85E40095B8B8 /* WarThunderCalculatorTests.swift */,
				520F00191B4F85E40095B8B8 /* Supporting Files */,
			);
			path = WarThunderCalculatorTests;
			sourceTree = "<group>";
		};
		520F00191B4F85E40095B8B8 /* Supporting Files */ = {
			isa = PBXGroup;
			children = (
				520F001A1B4F85E40095B8B8 /* Info.plist */,
			);
			name = "Supporting Files";
			sourceTree = "<group>";
		};
		520FFFF51B4F85E40095B8B8 = {
			isa = PBXGroup;
			children = (
				520F00001B4F85E40095B8B8 /* WarThunderCalculator */,
				520F00181B4F85E40095B8B8 /* WarThunderCalculatorTests */,
				520FFFFF1B4F85E40095B8B8 /* Products */,
			);
			sourceTree = "<group>";
		};
		520FFFFF1B4F85E40095B8B8 /* Products */ = {
			isa = PBXGroup;
			children = (
				520FFFFE1B4F85E40095B8B8 /* WarThunderCalculator.app */,
				520F00151B4F85E40095B8B8 /* WarThunderCalculatorTests.xctest */,
			);
			name = Products;
			sourceTree = "<group>";
		};
/* End PBXGroup section */

/* Begin PBXNativeTarget section */
		520F00141B4F85E40095B8B8 /* WarThunderCalculatorTests */ = {
			isa = PBXNativeTarget;
			buildConfigurationList = 520F00221B4F85E40095B8B8 /* Build configuration list for PBXNativeTarget "WarThunderCalculatorTests" */;
			buildPhases = (
				520F00111B4F85E40095B8B8 /* Sources */,
				520F00121B4F85E40095B8B8 /* Frameworks */,
				520F00131B4F85E40095B8B8 /* Resources */,
			);
			buildRules = (
			);
			dependencies = (
				520F00171B4F85E40095B8B8 /* PBXTargetDependency */,
			);
			name = WarThunderCalculatorTests;
			productName = WarThunderCalculatorTests;
			productReference = 520F00151B4F85E40095B8B8 /* WarThunderCalculatorTests.xctest */;
			productType = "com.apple.product-type.bundle.unit-test";
		};
		520FFFFD1B4F85E40095B8B8 /* WarThunderCalculator */ = {
			isa = PBXNativeTarget;
			buildConfigurationList = 520F001F1B4F85E40095B8B8 /* Build configuration list for PBXNativeTarget "WarThunderCalculator" */;
			buildPhases = (
				520FFFFA1B4F85E40095B8B8 /* Sources */,
				520FFFFB1B4F85E40095B8B8 /* Frameworks */,
				520FFFFC1B4F85E40095B8B8 /* Resources */,
			);
			buildRules = (
			);
			dependencies = (
			);
			name = WarThunderCalculator;
			productName = WarThunderCalculator;
			productReference = 520FFFFE1B4F85E40095B8B8 /* WarThunderCalculator.app */;
			productType = "com.apple.product-type.application";
		};
/* End PBXNativeTarget section */

/* Begin PBXProject section */
		520FFFF61B4F85E40095B8B8 /* Project object */ = {
			isa = PBXProject;
			attributes = {
				LastUpgradeCheck = 0640;
				ORGANIZATIONNAME = WooHops;
				TargetAttributes = {
					520F00141B4F85E40095B8B8 = {
						CreatedOnToolsVersion = 6.4;
						TestTargetID = 520FFFFD1B4F85E40095B8B8;
					};
					520FFFFD1B4F85E40095B8B8 = {
						CreatedOnToolsVersion = 6.4;
					};
				};
			};
			buildConfigurationList = 520FFFF91B4F85E40095B8B8 /* Build configuration list for PBXProject "WarThunderCalculator" */;
			compatibilityVersion = "Xcode 3.2";
			developmentRegion = English;
			hasScannedForEncodings = 0;
			knownRegions = (
				en,
				Base,
			);
			mainGroup = 520FFFF51B4F85E40095B8B8;
			productRefGroup = 520FFFFF1B4F85E40095B8B8 /* Products */;
			projectDirPath = "";
			projectRoot = "";
			targets = (
				520FFFFD1B4F85E40095B8B8 /* WarThunderCalculator */,
				520F00141B4F85E40095B8B8 /* WarThunderCalculatorTests */,
			);
		};
/* End PBXProject section */

/* Begin PBXResourcesBuildPhase section */
		520F00131B4F85E40095B8B8 /* Resources */ = {
			isa = PBXResourcesBuildPhase;
			buildActionMask = 2147483647;
			files = (
			);
			runOnlyForDeploymentPostprocessing = 0;
		};
		520FFFFC1B4F85E40095B8B8 /* Resources */ = {
			isa = PBXResourcesBuildPhase;
			buildActionMask = 2147483647;
			files = (
				520F000B1B4F85E40095B8B8 /* Main.storyboard in Resources */,
				520F00101B4F85E40095B8B8 /* LaunchScreen.xib in Resources */,
				520F00291B4F918F0095B8B8 /* Bf109Image.jpg in Resources */,
				527291271B50B73000A19F1F /* WarThunderTitlePageImage.jpg in Resources */,
				520F000D1B4F85E40095B8B8 /* Images.xcassets in Resources */,
				527291291B50B86700A19F1F /* VerticalMustangImage.jpg in Resources */,
				520F002B1B4FAD4A0095B8B8 /* BomberDarkImage.jpg in Resources */,
			);
			runOnlyForDeploymentPostprocessing = 0;
		};
/* End PBXResourcesBuildPhase section */

/* Begin PBXSourcesBuildPhase section */
		520F00111B4F85E40095B8B8 /* Sources */ = {
			isa = PBXSourcesBuildPhase;
			buildActionMask = 2147483647;
			files = (
				520F001C1B4F85E40095B8B8 /* WarThunderCalculatorTests.swift in Sources */,
			);
			runOnlyForDeploymentPostprocessing = 0;
		};
		520FFFFA1B4F85E40095B8B8 /* Sources */ = {
			isa = PBXSourcesBuildPhase;
			buildActionMask = 2147483647;
			files = (
				520F00041B4F85E40095B8B8 /* AppDelegate.swift in Sources */,
				520F00061B4F85E40095B8B8 /* FirstViewController.swift in Sources */,
			);
			runOnlyForDeploymentPostprocessing = 0;
		};
/* End PBXSourcesBuildPhase section */

/* Begin PBXTargetDependency section */
		520F00171B4F85E40095B8B8 /* PBXTargetDependency */ = {
			isa = PBXTargetDependency;
			target = 520FFFFD1B4F85E40095B8B8 /* WarThunderCalculator */;
			targetProxy = 520F00161B4F85E40095B8B8 /* PBXContainerItemProxy */;
		};
/* End PBXTargetDependency section */

/* Begin PBXVariantGroup section */
		520F00091B4F85E40095B8B8 /* Main.storyboard */ = {
			isa = PBXVariantGroup;
			children = (
				520F000A1B4F85E40095B8B8 /* Base */,
			);
			name = Main.storyboard;
			sourceTree = "<group>";
		};
		520F000E1B4F85E40095B8B8 /* LaunchScreen.xib */ = {
			isa = PBXVariantGroup;
			children = (
				520F000F1B4F85E40095B8B8 /* Base */,
			);
			name = LaunchScreen.xib;
			sourceTree = "<group>";
		};
/* End PBXVariantGroup section */

/* Begin XCBuildConfiguration section */
		520F001D1B4F85E40095B8B8 /* Debug */ = {
			isa = XCBuildConfiguration;
			buildSettings = {
				ALWAYS_SEARCH_USER_PATHS = NO;
				CLANG_ANALYZER_SECURITY_INSECUREAPI_RAND = YES;
				CLANG_ANALYZER_SECURITY_INSECUREAPI_STRCPY = YES;
				CLANG_CXX_LANGUAGE_STANDARD = "gnu++0x";
				CLANG_CXX_LIBRARY = "libc++";
				CLANG_ENABLE_MODULES = YES;
				CLANG_ENABLE_OBJC_ARC = YES;
				CLANG_WARN_BOOL_CONVERSION = YES;
				CLANG_WARN_CONSTANT_CONVERSION = YES;
				CLANG_WARN_DEPRECATED_OBJC_IMPLEMENTATIONS = YES;
				CLANG_WARN_DIRECT_OBJC_ISA_USAGE = YES_ERROR;
				CLANG_WARN_DOCUMENTATION_COMMENTS = YES;
				CLANG_WARN_EMPTY_BODY = YES;
				CLANG_WARN_ENUM_CONVERSION = YES;
				CLANG_WARN_IMPLICIT_SIGN_CONVERSION = YES;
				CLANG_WARN_INT_CONVERSION = YES;
				CLANG_WARN_OBJC_EXPLICIT_OWNERSHIP_TYPE = YES;
				CLANG_WARN_OBJC_IMPLICIT_ATOMIC_PROPERTIES = YES;
				CLANG_WARN_OBJC_IMPLICIT_RETAIN_SELF = YES;
				CLANG_WARN_OBJC_RECEIVER_WEAK = YES;
				CLANG_WARN_OBJC_REPEATED_USE_OF_WEAK = YES;
				CLANG_WARN_OBJC_ROOT_CLASS = YES_ERROR;
				CLANG_WARN_SUSPICIOUS_IMPLICIT_CONVERSION = YES;
				CLANG_WARN_UNREACHABLE_CODE = YES;
				CLANG_WARN__DUPLICATE_METHOD_MATCH = YES;
				"CODE_SIGN_IDENTITY[sdk=iphoneos*]" = "iPhone Developer";
				COPY_PHASE_STRIP = NO;
				DEBUG_INFORMATION_FORMAT = dwarf;
				ENABLE_STRICT_OBJC_MSGSEND = YES;
				GCC_C_LANGUAGE_STANDARD = gnu99;
				GCC_DYNAMIC_NO_PIC = NO;
				GCC_NO_COMMON_BLOCKS = YES;
				GCC_OPTIMIZATION_LEVEL = 0;
				GCC_PREPROCESSOR_DEFINITIONS = (
					"DEBUG=1",
					"$(inherited)",
				);
				GCC_SYMBOLS_PRIVATE_EXTERN = NO;
				GCC_TREAT_IMPLICIT_FUNCTION_DECLARATIONS_AS_ERRORS = YES;
				GCC_TREAT_INCOMPATIBLE_POINTER_TYPE_WARNINGS_AS_ERRORS = YES;
				GCC_WARN_64_TO_32_BIT_CONVERSION = YES;
				GCC_WARN_ABOUT_MISSING_FIELD_INITIALIZERS = YES;
				GCC_WARN_ABOUT_MISSING_PROTOTYPES = YES;
				GCC_WARN_ABOUT_RETURN_TYPE = YES_ERROR;
				GCC_WARN_FOUR_CHARACTER_CONSTANTS = YES;
				GCC_WARN_INITIALIZER_NOT_FULLY_BRACKETED = YES;
				GCC_WARN_MULTIPLE_DEFINITION_TYPES_FOR_SELECTOR = YES;
				GCC_WARN_SHADOW = YES;
				GCC_WARN_SIGN_COMPARE = YES;
				GCC_WARN_STRICT_SELECTOR_MATCH = YES;
				GCC_WARN_UNDECLARED_SELECTOR = YES;
				GCC_WARN_UNINITIALIZED_AUTOS = YES_AGGRESSIVE;
				GCC_WARN_UNKNOWN_PRAGMAS = YES;
				GCC_WARN_UNUSED_FUNCTION = YES;
				GCC_WARN_UNUSED_VARIABLE = YES;
				IPHONEOS_DEPLOYMENT_TARGET = 8.3;
				MTL_ENABLE_DEBUG_INFO = YES;
				ONLY_ACTIVE_ARCH = YES;
				SDKROOT = iphoneos;
				SWIFT_OPTIMIZATION_LEVEL = "-Onone";
				SWIFT_WHOLE_MODULE_OPTIMIZATION = YES;
				TARGETED_DEVICE_FAMILY = "1,2";
			};
			name = Debug;
		};
		520F001E1B4F85E40095B8B8 /* Release */ = {
			isa = XCBuildConfiguration;
			buildSettings = {
				ALWAYS_SEARCH_USER_PATHS = NO;
				CLANG_ANALYZER_SECURITY_INSECUREAPI_RAND = YES;
				CLANG_ANALYZER_SECURITY_INSECUREAPI_STRCPY = YES;
				CLANG_CXX_LANGUAGE_STANDARD = "gnu++0x";
				CLANG_CXX_LIBRARY = "libc++";
				CLANG_ENABLE_MODULES = YES;
				CLANG_ENABLE_OBJC_ARC = YES;
				CLANG_WARN_BOOL_CONVERSION = YES;
				CLANG_WARN_CONSTANT_CONVERSION = YES;
				CLANG_WARN_DEPRECATED_OBJC_IMPLEMENTATIONS = YES;
				CLANG_WARN_DIRECT_OBJC_ISA_USAGE = YES_ERROR;
				CLANG_WARN_DOCUMENTATION_COMMENTS = YES;
				CLANG_WARN_EMPTY_BODY = YES;
				CLANG_WARN_ENUM_CONVERSION = YES;
				CLANG_WARN_IMPLICIT_SIGN_CONVERSION = YES;
				CLANG_WARN_INT_CONVERSION = YES;
				CLANG_WARN_OBJC_EXPLICIT_OWNERSHIP_TYPE = YES;
				CLANG_WARN_OBJC_IMPLICIT_ATOMIC_PROPERTIES = YES;
				CLANG_WARN_OBJC_IMPLICIT_RETAIN_SELF = YES;
				CLANG_WARN_OBJC_RECEIVER_WEAK = YES;
				CLANG_WARN_OBJC_REPEATED_USE_OF_WEAK = YES;
				CLANG_WARN_OBJC_ROOT_CLASS = YES_ERROR;
				CLANG_WARN_SUSPICIOUS_IMPLICIT_CONVERSION = YES;
				CLANG_WARN_UNREACHABLE_CODE = YES;
				CLANG_WARN__DUPLICATE_METHOD_MATCH = YES;
				"CODE_SIGN_IDENTITY[sdk=iphoneos*]" = "iPhone Developer";
				COPY_PHASE_STRIP = NO;
				DEBUG_INFORMATION_FORMAT = "dwarf-with-dsym";
				ENABLE_NS_ASSERTIONS = NO;
				ENABLE_STRICT_OBJC_MSGSEND = YES;
				GCC_C_LANGUAGE_STANDARD = gnu99;
				GCC_NO_COMMON_BLOCKS = YES;
				GCC_TREAT_IMPLICIT_FUNCTION_DECLARATIONS_AS_ERRORS = YES;
				GCC_TREAT_INCOMPATIBLE_POINTER_TYPE_WARNINGS_AS_ERRORS = YES;
				GCC_WARN_64_TO_32_BIT_CONVERSION = YES;
				GCC_WARN_ABOUT_MISSING_FIELD_INITIALIZERS = YES;
				GCC_WARN_ABOUT_MISSING_PROTOTYPES = YES;
				GCC_WARN_ABOUT_RETURN_TYPE = YES_ERROR;
				GCC_WARN_FOUR_CHARACTER_CONSTANTS = YES;
				GCC_WARN_INITIALIZER_NOT_FULLY_BRACKETED = YES;
				GCC_WARN_MULTIPLE_DEFINITION_TYPES_FOR_SELECTOR = YES;
				GCC_WARN_SHADOW = YES;
				GCC_WARN_SIGN_COMPARE = YES;
				GCC_WARN_STRICT_SELECTOR_MATCH = YES;
				GCC_WARN_UNDECLARED_SELECTOR = YES;
				GCC_WARN_UNINITIALIZED_AUTOS = YES_AGGRESSIVE;
				GCC_WARN_UNKNOWN_PRAGMAS = YES;
				GCC_WARN_UNUSED_FUNCTION = YES;
				GCC_WARN_UNUSED_VARIABLE = YES;
				IPHONEOS_DEPLOYMENT_TARGET = 8.3;
				MTL_ENABLE_DEBUG_INFO = NO;
				SDKROOT = iphoneos;
				SWIFT_WHOLE_MODULE_OPTIMIZATION = YES;
				TARGETED_DEVICE_FAMILY = "1,2";
				VALIDATE_PRODUCT = YES;
			};
			name = Release;
		};
		520F00201B4F85E40095B8B8 /* Debug */ = {
			isa = XCBuildConfiguration;
			buildSettings = {
				ASSETCATALOG_COMPILER_APPICON_NAME = AppIcon;
				INFOPLIST_FILE = WarThunderCalculator/Info.plist;
				LD_RUNPATH_SEARCH_PATHS = "$(inherited) @executable_path/Frameworks";
				PRODUCT_NAME = "$(TARGET_NAME)";
			};
			name = Debug;
		};
		520F00211B4F85E40095B8B8 /* Release */ = {
			isa = XCBuildConfiguration;
			buildSettings = {
				ASSETCATALOG_COMPILER_APPICON_NAME = AppIcon;
				INFOPLIST_FILE = WarThunderCalculator/Info.plist;
				LD_RUNPATH_SEARCH_PATHS = "$(inherited) @executable_path/Frameworks";
				PRODUCT_NAME = "$(TARGET_NAME)";
			};
			name = Release;
		};
		520F00231B4F85E40095B8B8 /* Debug */ = {
			isa = XCBuildConfiguration;
			buildSettings = {
				BUNDLE_LOADER = "$(TEST_HOST)";
				FRAMEWORK_SEARCH_PATHS = (
					"$(SDKROOT)/Developer/Library/Frameworks",
					"$(inherited)",
				);
				GCC_PREPROCESSOR_DEFINITIONS = (
					"DEBUG=1",
					"$(inherited)",
				);
				INFOPLIST_FILE = WarThunderCalculatorTests/Info.plist;
				LD_RUNPATH_SEARCH_PATHS = "$(inherited) @executable_path/Frameworks @loader_path/Frameworks";
				PRODUCT_NAME = "$(TARGET_NAME)";
				TEST_HOST = "$(BUILT_PRODUCTS_DIR)/WarThunderCalculator.app/WarThunderCalculator";
			};
			name = Debug;
		};
		520F00241B4F85E40095B8B8 /* Release */ = {
			isa = XCBuildConfiguration;
			buildSettings = {
				BUNDLE_LOADER = "$(TEST_HOST)";
				FRAMEWORK_SEARCH_PATHS = (
					"$(SDKROOT)/Developer/Library/Frameworks",
					"$(inherited)",
				);
				INFOPLIST_FILE = WarThunderCalculatorTests/Info.plist;
				LD_RUNPATH_SEARCH_PATHS = "$(inherited) @executable_path/Frameworks @loader_path/Frameworks";
				PRODUCT_NAME = "$(TARGET_NAME)";
				TEST_HOST = "$(BUILT_PRODUCTS_DIR)/WarThunderCalculator.app/WarThunderCalculator";
			};
			name = Release;
		};
/* End XCBuildConfiguration section */

/* Begin XCConfigurationList section */
		520F001F1B4F85E40095B8B8 /* Build configuration list for PBXNativeTarget "WarThunderCalculator" */ = {
			isa = XCConfigurationList;
			buildConfigurations = (
				520F00201B4F85E40095B8B8 /* Debug */,
				520F00211B4F85E40095B8B8 /* Release */,
			);
			defaultConfigurationIsVisible = 0;
			defaultConfigurationName = Release;
		};
		520F00221B4F85E40095B8B8 /* Build configuration list for PBXNativeTarget "WarThunderCalculatorTests" */ = {
			isa = XCConfigurationList;
			buildConfigurations = (
				520F00231B4F85E40095B8B8 /* Debug */,
				520F00241B4F85E40095B8B8 /* Release */,
			);
			defaultConfigurationIsVisible = 0;
			defaultConfigurationName = Release;
		};
		520FFFF91B4F85E40095B8B8 /* Build configuration list for PBXProject "WarThunderCalculator" */ = {
			isa = XCConfigurationList;
			buildConfigurations = (
				520F001D1B4F85E40095B8B8 /* Debug */,
				520F001E1B4F85E40095B8B8 /* Release */,
			);
			defaultConfigurationIsVisible = 0;
			defaultConfigurationName = Release;
		};
/* End XCConfigurationList section */
	};
	rootObject = 520FFFF61B4F85E40095B8B8 /* Project object */;
}
